PODS:
  - AlicloudPush (2.2.0)
  - AlicloudUTDID (1.6.1)
  - AlicloudUtils (2.0.1):
    - AlicloudUTDID
  - aliyun_push_flutter (0.0.1):
    - AlicloudPush
    - AlicloudUtils
    - Flutter
  - Flutter (1.0.0)
  - integration_test (0.0.1):
    - Flutter

DEPENDENCIES:
  - aliyun_push_flutter (from `.symlinks/plugins/aliyun_push_flutter/ios`)
  - Flutter (from `Flutter`)
  - integration_test (from `.symlinks/plugins/integration_test/ios`)

SPEC REPOS:
  https://github.com/aliyun/aliyun-specs.git:
    - AlicloudPush
    - AlicloudUTDID
    - AlicloudUtils

EXTERNAL SOURCES:
  aliyun_push_flutter:
    :path: ".symlinks/plugins/aliyun_push_flutter/ios"
  Flutter:
    :path: Flutter
  integration_test:
    :path: ".symlinks/plugins/integration_test/ios"

SPEC CHECKSUMS:
  AlicloudPush: 74a9ac0ec7d9e1396283dfa71c40c895b273905e
  AlicloudUTDID: 5d2f22d50e11eecd38f30bc7a48c71925ea90976
  AlicloudUtils: ef4436f52b828b1182b002373758ecb88068e679
  aliyun_push_flutter: 1e17d1272e608d199dea42024b82bab782e4344f
  Flutter: e0871f40cf51350855a761d2e70bf5af5b9b5de7
  integration_test: 252f60fa39af5e17c3aa9899d35d908a0721b573

PODFILE CHECKSUM: 7e12abdb2b7e20633f470f68b57681df76aa752a

COCOAPODS: 1.16.2
