PODS:
  - AlicloudPush (2.1.0):
    - AlicloudUTDID
    - AlicloudUtils
  - AlicloudUTDID (1.6.1)
  - AlicloudUtils (2.0.1):
    - AlicloudUTDID
  - aliyun_push_flutter (0.0.1):
    - AlicloudPush
    - Flutter
  - Flutter (1.0.0)
  - integration_test (0.0.1):
    - Flutter

DEPENDENCIES:
  - aliyun_push_flutter (from `.symlinks/plugins/aliyun_push_flutter/ios`)
  - Flutter (from `Flutter`)
  - integration_test (from `.symlinks/plugins/integration_test/ios`)

SPEC REPOS:
  https://github.com/aliyun/aliyun-specs.git:
    - AlicloudPush
    - AlicloudUTDID
    - AlicloudUtils

EXTERNAL SOURCES:
  aliyun_push_flutter:
    :path: ".symlinks/plugins/aliyun_push_flutter/ios"
  Flutter:
    :path: Flutter
  integration_test:
    :path: ".symlinks/plugins/integration_test/ios"

SPEC CHECKSUMS:
  AlicloudPush: 653294c5bd7362b0b71e2b89ca8cd28a5334749a
  AlicloudUTDID: 5d2f22d50e11eecd38f30bc7a48c71925ea90976
  AlicloudUtils: ef4436f52b828b1182b002373758ecb88068e679
  aliyun_push_flutter: 5b33b46510e6f1b7cb487eb5e0d1fa5df62cb574
  Flutter: e0871f40cf51350855a761d2e70bf5af5b9b5de7
  integration_test: 13825b8a9334a850581300559b8839134b124670

PODFILE CHECKSUM: 7e12abdb2b7e20633f470f68b57681df76aa752a

COCOAPODS: 1.15.2
