PODS:
  - AlicloudELS (1.0.0)
  - AlicloudPush (3.0.0):
    - AlicloudELS
  - aliyun_push_flutter (0.0.1):
    - AlicloudPush (~> 3.0.0)
    - Flutter
  - Flutter (1.0.0)
  - integration_test (0.0.1):
    - Flutter

DEPENDENCIES:
  - aliyun_push_flutter (from `.symlinks/plugins/aliyun_push_flutter/ios`)
  - Flutter (from `Flutter`)
  - integration_test (from `.symlinks/plugins/integration_test/ios`)

SPEC REPOS:
  https://github.com/aliyun/aliyun-specs.git:
    - AlicloudELS
    - AlicloudPush

EXTERNAL SOURCES:
  aliyun_push_flutter:
    :path: ".symlinks/plugins/aliyun_push_flutter/ios"
  Flutter:
    :path: Flutter
  integration_test:
    :path: ".symlinks/plugins/integration_test/ios"

SPEC CHECKSUMS:
  AlicloudELS: 96074fdc25db4713145c86acc258703e8afd5569
  AlicloudPush: 17bbfe1d041276bbe7ace15e7bca5c10528ccecd
  aliyun_push_flutter: 85c791b40b79b808cbf6a64c666c37a3ddadacbf
  Flutter: e0871f40cf51350855a761d2e70bf5af5b9b5de7
  integration_test: 4a889634ef21a45d28d50d622cf412dc6d9f586e

PODFILE CHECKSUM: 7e12abdb2b7e20633f470f68b57681df76aa752a

COCOAPODS: 1.16.2
